{
  "name": "@mem7ai/openclaw-mem7",
  "version": "0.1.0",
  "lockfileVersion": 3,
  "requires": true,
  "packages": {
    "": {
      "name": "@mem7ai/openclaw-mem7",
      "version": "0.1.0",
      "license": "Apache-2.0",
      "dependencies": {
        "@mem7ai/mem7": "^0.2.0",
        "@sinclair/typebox": "^0.34.0"
      },
      "devDependencies": {
        "@types/node": "^22.0.0",
        "typescript": "^5.8.0"
      },
      "engines": {
        "node": ">=22"
      },
      "peerDependencies": {
        "openclaw": ">=2026.2.0"
      },
      "peerDependenciesMeta": {
        "openclaw": {
          "optional": true
        }
      }
    },
    "node_modules/@mem7ai/mem7": {
      "version": "0.2.2",
      "resolved": "https://registry.npmjs.org/@mem7ai/mem7/-/mem7-0.2.2.tgz",
      "integrity": "sha512-z0f9ta/dmN8A9R53tC14m7AQd9gD/fQFb+P5eIOqpTl9GzwZp+BqtjfMjY431mJYWjKz5c8PdmEvAyOvGrYdgQ==",
      "license": "Apache-2.0",
      "optionalDependencies": {
        "@mem7ai/mem7-darwin-arm64": "0.2.2",
        "@mem7ai/mem7-darwin-x64": "0.2.2",
        "@mem7ai/mem7-linux-arm64-gnu": "0.2.2",
        "@mem7ai/mem7-linux-x64-gnu": "0.2.2",
        "@mem7ai/mem7-win32-x64-msvc": "0.2.2"
      }
    },
    "node_modules/@mem7ai/mem7-darwin-arm64": {
      "version": "0.2.2",
      "resolved": "https://registry.npmjs.org/@mem7ai/mem7-darwin-arm64/-/mem7-darwin-arm64-0.2.2.tgz",
      "integrity": "sha512-bTIvvaGswvIH5+PgRErHMmOywazu6bwnFZuQW5r69DBmio/WmBXtECzUlUUCAjdjtE6k9KBK4rsuOUVJpSGEnQ==",
      "cpu": [
        "arm64"
      ],
      "license": "Apache-2.0",
      "optional": true,
      "os": [
        "darwin"
      ]
    },
    "node_modules/@mem7ai/mem7-darwin-x64": {
      "version": "0.2.2",
      "resolved": "https://registry.npmjs.org/@mem7ai/mem7-darwin-x64/-/mem7-darwin-x64-0.2.2.tgz",
      "integrity": "sha512-KKcMksOGbSkGXXq5/Do7t/I8+0uU+tx7f4AKV17527FNhiJJivKzpwghbe3k60CQEk+GUfvA03yryCeAlpEVZA==",
      "cpu": [
        "x64"
      ],
      "license": "Apache-2.0",
      "optional": true,
      "os": [
        "darwin"
      ]
    },
    "node_modules/@mem7ai/mem7-linux-arm64-gnu": {
      "version": "0.2.2",
      "resolved": "https://registry.npmjs.org/@mem7ai/mem7-linux-arm64-gnu/-/mem7-linux-arm64-gnu-0.2.2.tgz",
      "integrity": "sha512-KuGPJTlgT3ArCGA6LWMNEFYJkKv5I4sqoJUoLYWVrjUQ2GoIj2WjIC7/1Q5qved70B2uEn8IlhT80K1xgWcdYw==",
      "cpu": [
        "arm64"
      ],
      "license": "Apache-2.0",
      "optional": true,
      "os": [
        "linux"
      ]
    },
    "node_modules/@mem7ai/mem7-linux-x64-gnu": {
      "version": "0.2.2",
      "resolved": "https://registry.npmjs.org/@mem7ai/mem7-linux-x64-gnu/-/mem7-linux-x64-gnu-0.2.2.tgz",
      "integrity": "sha512-ZgYxEVCHE6+DOmdF4Vymz5saYs+PyxNh8XcuqU9j5t2I34hZvHU9EBadM2+PvAykkdphWZHB37LRUYjVfjNPjg==",
      "cpu": [
        "x64"
      ],
      "license": "Apache-2.0",
      "optional": true,
      "os": [
        "linux"
      ]
    },
    "node_modules/@mem7ai/mem7-win32-x64-msvc": {
      "version": "0.2.2",
      "resolved": "https://registry.npmjs.org/@mem7ai/mem7-win32-x64-msvc/-/mem7-win32-x64-msvc-0.2.2.tgz",
      "integrity": "sha512-rUFx43SqrHmrEiQ+LjtuVjuOdX+iMkkoARXP4aHJG7WydSxS8wLgUeGhYrnhshgLpwrmi0rDB1DkZaU+1hZVHw==",
      "cpu": [
        "x64"
      ],
      "license": "Apache-2.0",
      "optional": true,
      "os": [
        "win32"
      ]
    },
    "node_modules/@sinclair/typebox": {
      "version": "0.34.48",
      "resolved": "https://registry.npmjs.org/@sinclair/typebox/-/typebox-0.34.48.tgz",
      "integrity": "sha512-kKJTNuK3AQOrgjjotVxMrCn1sUJwM76wMszfq1kdU4uYVJjvEWuFQ6HgvLt4Xz3fSmZlTOxJ/Ie13KnIcWQXFA==",
      "license": "MIT"
    },
    "node_modules/@types/node": {
      "version": "22.19.15",
      "resolved": "https://registry.npmjs.org/@types/node/-/node-22.19.15.tgz",
      "integrity": "sha512-F0R/h2+dsy5wJAUe3tAU6oqa2qbWY5TpNfL/RGmo1y38hiyO1w3x2jPtt76wmuaJI4DQnOBu21cNXQ2STIUUWg==",
      "dev": true,
      "license": "MIT",
      "dependencies": {
        "undici-types": "~6.21.0"
      }
    },
    "node_modules/typescript": {
      "version": "5.9.3",
      "resolved": "https://registry.npmjs.org/typescript/-/typescript-5.9.3.tgz",
      "integrity": "sha512-jl1vZzPDinLr9eUt3J/t7V6FgNEw9QjvBPdysz9KfQDD41fQrC2Y4vKQdiaUpFT4bXlb1RHhLpp8wtm6M5TgSw==",
      "dev": true,
      "license": "Apache-2.0",
      "bin": {
        "tsc": "bin/tsc",
        "tsserver": "bin/tsserver"
      },
      "engines": {
        "node": ">=14.17"
      }
    },
    "node_modules/undici-types": {
      "version": "6.21.0",
      "resolved": "https://registry.npmjs.org/undici-types/-/undici-types-6.21.0.tgz",
      "integrity": "sha512-iwDZqg0QAGrg9Rav5H4n0M64c3mkR59cJ6wQp+7C4nI0gsmExaedaYLNO44eT4AtBBwjbTiGPMlt2Md0T9H9JQ==",
      "dev": true,
      "license": "MIT"
    }
  }
}
